
Microsoft Visual Studio Solution File, Format Version 12.00
# Visual Studio 14
VisualStudioVersion = 14.0.25420.1
MinimumVisualStudioVersion = 10.0.40219.1
Project("{FAE04EC0-301F-11D3-BF4B-00C04F79EFBC}") = "Boilerplate", "Boilerplate\Boilerplate.csproj", "{A957B27D-F6E6-4DC5-BBDA-FA5F34FF9A0E}"
EndProject
Project("{2150E333-8FDC-42A3-9474-1A3956D46DE8}") = "1-Persistence", "1-Persistence", "{F3B47692-823F-4B90-ADFE-7016F085D925}"
EndProject
Project("{2150E333-8FDC-42A3-9474-1A3956D46DE8}") = "2-Domain", "2-Domain", "{740F7415-7406-466F-91D8-5E885234ADE1}"
EndProject
Project("{FAE04EC0-301F-11D3-BF4B-00C04F79EFBC}") = "Domain", "Domain\Domain.csproj", "{B27E8E1D-682D-42EF-BB53-A3EF4F21E92A}"
EndProject
Project("{FAE04EC0-301F-11D3-BF4B-00C04F79EFBC}") = "Domain.Test", "Domain.Test\Domain.Test.csproj", "{9AB58E44-16B8-4881-B589-C0B59879AEFB}"
EndProject
Project("{FAE04EC0-301F-11D3-BF4B-00C04F79EFBC}") = "Persistence", "Persistence\Persistence.csproj", "{7BA2FA5E-FE9D-4937-84C0-B57F77ECFD14}"
EndProject
Project("{FAE04EC0-301F-11D3-BF4B-00C04F79EFBC}") = "Persistence.Test", "Persistence.Test\Persistence.Test.csproj", "{DD471C6E-629B-4A64-844D-D4626DFEA10C}"
EndProject
Project("{2150E333-8FDC-42A3-9474-1A3956D46DE8}") = "3-Presentation", "3-Presentation", "{4B21C079-7A6A-49CB-9E87-53FC737D5C6C}"
EndProject
Project("{2150E333-8FDC-42A3-9474-1A3956D46DE8}") = "0-Crosscutting", "0-Crosscutting", "{B1721150-DADE-4993-BF46-F503ACB0334A}"
EndProject
Project("{FAE04EC0-301F-11D3-BF4B-00C04F79EFBC}") = "Security", "Security\Security.csproj", "{C4AAFA45-5B45-42C2-A8E8-DD45B8BBD0B4}"
EndProject
Project("{FAE04EC0-301F-11D3-BF4B-00C04F79EFBC}") = "EmailService", "EmailService\EmailService.csproj", "{9494FA01-BCF5-4CC9-B6BB-B28325F93D04}"
EndProject
Project("{FAE04EC0-301F-11D3-BF4B-00C04F79EFBC}") = "SMSService", "SMSService\SMSService.csproj", "{1723B5FD-AA6F-423E-9B0B-2A6600754C8C}"
EndProject
Project("{FAE04EC0-301F-11D3-BF4B-00C04F79EFBC}") = "Logger", "Logger\Logger.csproj", "{9A3AADBC-B4FD-421F-A820-F0C5EA934B9B}"
EndProject
Global
	GlobalSection(SolutionConfigurationPlatforms) = preSolution
		Debug|Any CPU = Debug|Any CPU
		Release|Any CPU = Release|Any CPU
	EndGlobalSection
	GlobalSection(ProjectConfigurationPlatforms) = postSolution
		{A957B27D-F6E6-4DC5-BBDA-FA5F34FF9A0E}.Debug|Any CPU.ActiveCfg = Debug|Any CPU
		{A957B27D-F6E6-4DC5-BBDA-FA5F34FF9A0E}.Debug|Any CPU.Build.0 = Debug|Any CPU
		{A957B27D-F6E6-4DC5-BBDA-FA5F34FF9A0E}.Release|Any CPU.ActiveCfg = Release|Any CPU
		{A957B27D-F6E6-4DC5-BBDA-FA5F34FF9A0E}.Release|Any CPU.Build.0 = Release|Any CPU
		{B27E8E1D-682D-42EF-BB53-A3EF4F21E92A}.Debug|Any CPU.ActiveCfg = Debug|Any CPU
		{B27E8E1D-682D-42EF-BB53-A3EF4F21E92A}.Debug|Any CPU.Build.0 = Debug|Any CPU
		{B27E8E1D-682D-42EF-BB53-A3EF4F21E92A}.Release|Any CPU.ActiveCfg = Release|Any CPU
		{B27E8E1D-682D-42EF-BB53-A3EF4F21E92A}.Release|Any CPU.Build.0 = Release|Any CPU
		{9AB58E44-16B8-4881-B589-C0B59879AEFB}.Debug|Any CPU.ActiveCfg = Debug|Any CPU
		{9AB58E44-16B8-4881-B589-C0B59879AEFB}.Debug|Any CPU.Build.0 = Debug|Any CPU
		{9AB58E44-16B8-4881-B589-C0B59879AEFB}.Release|Any CPU.ActiveCfg = Release|Any CPU
		{9AB58E44-16B8-4881-B589-C0B59879AEFB}.Release|Any CPU.Build.0 = Release|Any CPU
		{7BA2FA5E-FE9D-4937-84C0-B57F77ECFD14}.Debug|Any CPU.ActiveCfg = Debug|Any CPU
		{7BA2FA5E-FE9D-4937-84C0-B57F77ECFD14}.Debug|Any CPU.Build.0 = Debug|Any CPU
		{7BA2FA5E-FE9D-4937-84C0-B57F77ECFD14}.Release|Any CPU.ActiveCfg = Release|Any CPU
		{7BA2FA5E-FE9D-4937-84C0-B57F77ECFD14}.Release|Any CPU.Build.0 = Release|Any CPU
		{DD471C6E-629B-4A64-844D-D4626DFEA10C}.Debug|Any CPU.ActiveCfg = Debug|Any CPU
		{DD471C6E-629B-4A64-844D-D4626DFEA10C}.Debug|Any CPU.Build.0 = Debug|Any CPU
		{DD471C6E-629B-4A64-844D-D4626DFEA10C}.Release|Any CPU.ActiveCfg = Release|Any CPU
		{DD471C6E-629B-4A64-844D-D4626DFEA10C}.Release|Any CPU.Build.0 = Release|Any CPU
		{C4AAFA45-5B45-42C2-A8E8-DD45B8BBD0B4}.Debug|Any CPU.ActiveCfg = Debug|Any CPU
		{C4AAFA45-5B45-42C2-A8E8-DD45B8BBD0B4}.Debug|Any CPU.Build.0 = Debug|Any CPU
		{C4AAFA45-5B45-42C2-A8E8-DD45B8BBD0B4}.Release|Any CPU.ActiveCfg = Release|Any CPU
		{C4AAFA45-5B45-42C2-A8E8-DD45B8BBD0B4}.Release|Any CPU.Build.0 = Release|Any CPU
		{9494FA01-BCF5-4CC9-B6BB-B28325F93D04}.Debug|Any CPU.ActiveCfg = Debug|Any CPU
		{9494FA01-BCF5-4CC9-B6BB-B28325F93D04}.Debug|Any CPU.Build.0 = Debug|Any CPU
		{9494FA01-BCF5-4CC9-B6BB-B28325F93D04}.Release|Any CPU.ActiveCfg = Release|Any CPU
		{9494FA01-BCF5-4CC9-B6BB-B28325F93D04}.Release|Any CPU.Build.0 = Release|Any CPU
		{1723B5FD-AA6F-423E-9B0B-2A6600754C8C}.Debug|Any CPU.ActiveCfg = Debug|Any CPU
		{1723B5FD-AA6F-423E-9B0B-2A6600754C8C}.Debug|Any CPU.Build.0 = Debug|Any CPU
		{1723B5FD-AA6F-423E-9B0B-2A6600754C8C}.Release|Any CPU.ActiveCfg = Release|Any CPU
		{1723B5FD-AA6F-423E-9B0B-2A6600754C8C}.Release|Any CPU.Build.0 = Release|Any CPU
		{9A3AADBC-B4FD-421F-A820-F0C5EA934B9B}.Debug|Any CPU.ActiveCfg = Debug|Any CPU
		{9A3AADBC-B4FD-421F-A820-F0C5EA934B9B}.Debug|Any CPU.Build.0 = Debug|Any CPU
		{9A3AADBC-B4FD-421F-A820-F0C5EA934B9B}.Release|Any CPU.ActiveCfg = Release|Any CPU
		{9A3AADBC-B4FD-421F-A820-F0C5EA934B9B}.Release|Any CPU.Build.0 = Release|Any CPU
	EndGlobalSection
	GlobalSection(SolutionProperties) = preSolution
		HideSolutionNode = FALSE
	EndGlobalSection
	GlobalSection(NestedProjects) = preSolution
		{A957B27D-F6E6-4DC5-BBDA-FA5F34FF9A0E} = {4B21C079-7A6A-49CB-9E87-53FC737D5C6C}
		{B27E8E1D-682D-42EF-BB53-A3EF4F21E92A} = {740F7415-7406-466F-91D8-5E885234ADE1}
		{9AB58E44-16B8-4881-B589-C0B59879AEFB} = {740F7415-7406-466F-91D8-5E885234ADE1}
		{7BA2FA5E-FE9D-4937-84C0-B57F77ECFD14} = {F3B47692-823F-4B90-ADFE-7016F085D925}
		{DD471C6E-629B-4A64-844D-D4626DFEA10C} = {F3B47692-823F-4B90-ADFE-7016F085D925}
		{C4AAFA45-5B45-42C2-A8E8-DD45B8BBD0B4} = {B1721150-DADE-4993-BF46-F503ACB0334A}
		{9494FA01-BCF5-4CC9-B6BB-B28325F93D04} = {B1721150-DADE-4993-BF46-F503ACB0334A}
		{1723B5FD-AA6F-423E-9B0B-2A6600754C8C} = {B1721150-DADE-4993-BF46-F503ACB0334A}
		{9A3AADBC-B4FD-421F-A820-F0C5EA934B9B} = {B1721150-DADE-4993-BF46-F503ACB0334A}
	EndGlobalSection
EndGlobal
